
Microsoft Visual Studio Solution File, Format Version 12.00
# Visual Studio 14
VisualStudioVersion = 14.0.22310.1
MinimumVisualStudioVersion = 10.0.40219.1
Project("{2150E333-8FDC-42A3-9474-1A3956D46DE8}") = "src", "src", "{6F870376-2B55-496D-8F95-FC15F9468885}"
EndProject
Project("{8BB2217D-0F2D-49D1-97BC-3654ED321F3B}") = "AzureRewards", "src\AzureRewards\AzureRewards.kproj", "{BCC3234C-2E8D-4385-A462-ADABBF903D83}"
EndProject
Project("{2150E333-8FDC-42A3-9474-1A3956D46DE8}") = "Solution Items", "Solution Items", "{F8AE53BE-EA34-4CBF-9DEC-4DF7A24BF4C0}"
	ProjectSection(SolutionItems) = preProject
		global.json = global.json
	EndProjectSection
EndProject
Global
	GlobalSection(SolutionConfigurationPlatforms) = preSolution
		Debug|Any CPU = Debug|Any CPU
		Release|Any CPU = Release|Any CPU
	EndGlobalSection
	GlobalSection(ProjectConfigurationPlatforms) = postSolution
		{BCC3234C-2E8D-4385-A462-ADABBF903D83}.Debug|Any CPU.ActiveCfg = Debug|Any CPU
		{BCC3234C-2E8D-4385-A462-ADABBF903D83}.Debug|Any CPU.Build.0 = Debug|Any CPU
		{BCC3234C-2E8D-4385-A462-ADABBF903D83}.Release|Any CPU.ActiveCfg = Release|Any CPU
		{BCC3234C-2E8D-4385-A462-ADABBF903D83}.Release|Any CPU.Build.0 = Release|Any CPU
	EndGlobalSection
	GlobalSection(SolutionProperties) = preSolution
		HideSolutionNode = FALSE
	EndGlobalSection
	GlobalSection(NestedProjects) = preSolution
		{BCC3234C-2E8D-4385-A462-ADABBF903D83} = {6F870376-2B55-496D-8F95-FC15F9468885}
	EndGlobalSection
EndGlobal
